
Microsoft Visual Studio Solution File, Format Version 12.00
# Visual Studio 2015
Project("{FAE04EC0-301F-11D3-BF4B-00C04F79EFBC}") = "Exploration.CSharp.Plugins", "Exploration.CSharp.Plugins.csproj", "{61163CF6-80CE-6656-7744-33210A5C9F69}"
EndProject
Project("{FAE04EC0-301F-11D3-BF4B-00C04F79EFBC}") = "Exploration.CSharp", "Exploration.CSharp.csproj", "{2E888C51-96F2-F8C9-F7AE-9636E0773017}"
EndProject
Project("{FAE04EC0-301F-11D3-BF4B-00C04F79EFBC}") = "Exploration.CSharp.Editor", "Exploration.CSharp.Editor.csproj", "{EE411821-21DC-4B9B-BE44-CB9D50E98FE8}"
EndProject
Global
	GlobalSection(SolutionConfigurationPlatforms) = preSolution
		Debug|Any CPU = Debug|Any CPU
		Release|Any CPU = Release|Any CPU
	EndGlobalSection
	GlobalSection(ProjectConfigurationPlatforms) = postSolution
		{61163CF6-80CE-6656-7744-33210A5C9F69}.Debug|Any CPU.ActiveCfg = Debug|Any CPU
		{61163CF6-80CE-6656-7744-33210A5C9F69}.Debug|Any CPU.Build.0 = Debug|Any CPU
		{61163CF6-80CE-6656-7744-33210A5C9F69}.Release|Any CPU.ActiveCfg = Release|Any CPU
		{61163CF6-80CE-6656-7744-33210A5C9F69}.Release|Any CPU.Build.0 = Release|Any CPU
		{2E888C51-96F2-F8C9-F7AE-9636E0773017}.Debug|Any CPU.ActiveCfg = Debug|Any CPU
		{2E888C51-96F2-F8C9-F7AE-9636E0773017}.Debug|Any CPU.Build.0 = Debug|Any CPU
		{2E888C51-96F2-F8C9-F7AE-9636E0773017}.Release|Any CPU.ActiveCfg = Release|Any CPU
		{2E888C51-96F2-F8C9-F7AE-9636E0773017}.Release|Any CPU.Build.0 = Release|Any CPU
		{EE411821-21DC-4B9B-BE44-CB9D50E98FE8}.Debug|Any CPU.ActiveCfg = Debug|Any CPU
		{EE411821-21DC-4B9B-BE44-CB9D50E98FE8}.Debug|Any CPU.Build.0 = Debug|Any CPU
		{EE411821-21DC-4B9B-BE44-CB9D50E98FE8}.Release|Any CPU.ActiveCfg = Release|Any CPU
		{EE411821-21DC-4B9B-BE44-CB9D50E98FE8}.Release|Any CPU.Build.0 = Release|Any CPU
	EndGlobalSection
	GlobalSection(SolutionProperties) = preSolution
		HideSolutionNode = FALSE
	EndGlobalSection
EndGlobal
